
Microsoft Visual Studio Solution File, Format Version 12.00
# Visual Studio Version 16
VisualStudioVersion = 16.0.31515.178
MinimumVisualStudioVersion = 10.0.40219.1
Project("{FAE04EC0-301F-11D3-BF4B-00C04F79EFBC}") = "ProEventos.API", "ProEventos.API.csproj", "{1818C917-8CE9-45E8-9FF1-83A1C94FAA5C}"
EndProject
Global
	GlobalSection(SolutionConfigurationPlatforms) = preSolution
		Debug|Any CPU = Debug|Any CPU
		Release|Any CPU = Release|Any CPU
	EndGlobalSection
	GlobalSection(ProjectConfigurationPlatforms) = postSolution
		{1818C917-8CE9-45E8-9FF1-83A1C94FAA5C}.Debug|Any CPU.ActiveCfg = Debug|Any CPU
		{1818C917-8CE9-45E8-9FF1-83A1C94FAA5C}.Debug|Any CPU.Build.0 = Debug|Any CPU
		{1818C917-8CE9-45E8-9FF1-83A1C94FAA5C}.Release|Any CPU.ActiveCfg = Release|Any CPU
		{1818C917-8CE9-45E8-9FF1-83A1C94FAA5C}.Release|Any CPU.Build.0 = Release|Any CPU
	EndGlobalSection
	GlobalSection(SolutionProperties) = preSolution
		HideSolutionNode = FALSE
	EndGlobalSection
	GlobalSection(ExtensibilityGlobals) = postSolution
		SolutionGuid = {D75FBB70-D0A8-47A3-8561-02CFCF0F54E0}
	EndGlobalSection
EndGlobal
